
Microsoft Visual Studio Solution File, Format Version 12.00
# Visual Studio Version 17
VisualStudioVersion = 17.0.31912.275
MinimumVisualStudioVersion = 10.0.40219.1
Project("{9A19103F-16F7-4668-BE54-9A1E7A4F7556}") = "Evaluation_of_the_Film1", "Evaluation of the Film1\Evaluation_of_the_Film1.csproj", "{DB3CE9F7-C3B8-4CB3-B6D4-EB2940DD0F96}"
EndProject
Global
	GlobalSection(SolutionConfigurationPlatforms) = preSolution
		Debug|Any CPU = Debug|Any CPU
		Release|Any CPU = Release|Any CPU
	EndGlobalSection
	GlobalSection(ProjectConfigurationPlatforms) = postSolution
		{DB3CE9F7-C3B8-4CB3-B6D4-EB2940DD0F96}.Debug|Any CPU.ActiveCfg = Debug|Any CPU
		{DB3CE9F7-C3B8-4CB3-B6D4-EB2940DD0F96}.Debug|Any CPU.Build.0 = Debug|Any CPU
		{DB3CE9F7-C3B8-4CB3-B6D4-EB2940DD0F96}.Release|Any CPU.ActiveCfg = Release|Any CPU
		{DB3CE9F7-C3B8-4CB3-B6D4-EB2940DD0F96}.Release|Any CPU.Build.0 = Release|Any CPU
	EndGlobalSection
	GlobalSection(SolutionProperties) = preSolution
		HideSolutionNode = FALSE
	EndGlobalSection
	GlobalSection(ExtensibilityGlobals) = postSolution
		SolutionGuid = {138B9F82-EC1F-495B-AEF2-836CA1099153}
	EndGlobalSection
EndGlobal
